{
  "name": "ocgena-js",
  "version": "1.0.0",
  "lockfileVersion": 3,
  "requires": true,
  "packages": {
    "": {
      "name": "ocgena-js",
      "version": "1.0.0",
      "license": "ISC",
      "devDependencies": {
        "peggy": "^3.0.2",
        "prettier": "2.8.6",
        "ts-pegjs": "^3.1.0"
      }
    },
    "node_modules/commander": {
      "version": "10.0.0",
      "resolved": "https://registry.npmjs.org/commander/-/commander-10.0.0.tgz",
      "integrity": "sha512-zS5PnTI22FIRM6ylNW8G4Ap0IEOyk62fhLSD0+uHRT9McRCLGpkVNvao4bjimpK/GShynyQkFFxHhwMcETmduA==",
      "dev": true,
      "engines": {
        "node": ">=14"
      }
    },
    "node_modules/peggy": {
      "version": "3.0.2",
      "resolved": "https://registry.npmjs.org/peggy/-/peggy-3.0.2.tgz",
      "integrity": "sha512-n7chtCbEoGYRwZZ0i/O3t1cPr6o+d9Xx4Zwy2LYfzv0vjchMBU0tO+qYYyvZloBPcgRgzYvALzGWHe609JjEpg==",
      "dev": true,
      "dependencies": {
        "commander": "^10.0.0",
        "source-map-generator": "0.8.0"
      },
      "bin": {
        "peggy": "bin/peggy.js"
      },
      "engines": {
        "node": ">=14"
      }
    },
    "node_modules/prettier": {
      "version": "2.8.6",
      "resolved": "https://registry.npmjs.org/prettier/-/prettier-2.8.6.tgz",
      "integrity": "sha512-mtuzdiBbHwPEgl7NxWlqOkithPyp4VN93V7VeHVWBF+ad3I5avc0RVDT4oImXQy9H/AqxA2NSQH8pSxHW6FYbQ==",
      "dev": true,
      "bin": {
        "prettier": "bin-prettier.js"
      },
      "engines": {
        "node": ">=10.13.0"
      },
      "funding": {
        "url": "https://github.com/prettier/prettier?sponsor=1"
      }
    },
    "node_modules/source-map-generator": {
      "version": "0.8.0",
      "resolved": "https://registry.npmjs.org/source-map-generator/-/source-map-generator-0.8.0.tgz",
      "integrity": "sha512-psgxdGMwl5MZM9S3FWee4EgsEaIjahYV5AzGnwUvPhWeITz/j6rKpysQHlQ4USdxvINlb8lKfWGIXwfkrgtqkA==",
      "dev": true,
      "engines": {
        "node": ">= 10"
      }
    },
    "node_modules/ts-pegjs": {
      "version": "3.1.0",
      "resolved": "https://registry.npmjs.org/ts-pegjs/-/ts-pegjs-3.1.0.tgz",
      "integrity": "sha512-CZ80MYdzoh/setHAcrOdWh7ws4GsIPAahFEZ1019xPLe2snSzwuCLDAwQ0r7xHLIuOuRJ7v87jvz/Lr5YTLN4g==",
      "dev": true,
      "bin": {
        "tspegjs": "src/cli.js"
      },
      "peerDependencies": {
        "peggy": "^2.0.1"
      }
    }
  }
}
